
Microsoft Visual Studio Solution File, Format Version 12.00
# Visual Studio Version 17
VisualStudioVersion = 17.9.34622.214
MinimumVisualStudioVersion = 10.0.40219.1
Project("{FAE04EC0-301F-11D3-BF4B-00C04F79EFBC}") = "War Machine Project", "War Machine Project\War Machine Project.csproj", "{F7AE6727-67E9-4B36-AB8D-1E3D77CC326F}"
EndProject
Global
	GlobalSection(SolutionConfigurationPlatforms) = preSolution
		Debug|Any CPU = Debug|Any CPU
		Release|Any CPU = Release|Any CPU
	EndGlobalSection
	GlobalSection(ProjectConfigurationPlatforms) = postSolution
		{F7AE6727-67E9-4B36-AB8D-1E3D77CC326F}.Debug|Any CPU.ActiveCfg = Debug|Any CPU
		{F7AE6727-67E9-4B36-AB8D-1E3D77CC326F}.Debug|Any CPU.Build.0 = Debug|Any CPU
		{F7AE6727-67E9-4B36-AB8D-1E3D77CC326F}.Release|Any CPU.ActiveCfg = Release|Any CPU
		{F7AE6727-67E9-4B36-AB8D-1E3D77CC326F}.Release|Any CPU.Build.0 = Release|Any CPU
	EndGlobalSection
	GlobalSection(SolutionProperties) = preSolution
		HideSolutionNode = FALSE
	EndGlobalSection
	GlobalSection(ExtensibilityGlobals) = postSolution
		SolutionGuid = {8607E343-4346-4BBA-8DD9-3BDCC76AE164}
	EndGlobalSection
EndGlobal
